
Microsoft Visual Studio Solution File, Format Version 12.00
# Visual Studio Version 17
VisualStudioVersion = 17.14.37411.7 d17.14
MinimumVisualStudioVersion = 10.0.40219.1
Project("{FAE04EC0-301F-11D3-BF4B-00C04F79EFBC}") = "EF+API", "EF+API.csproj", "{A053148D-C83A-4EB2-B7C3-8D2ECB2B749A}"
EndProject
Global
	GlobalSection(SolutionConfigurationPlatforms) = preSolution
		Debug|Any CPU = Debug|Any CPU
		Release|Any CPU = Release|Any CPU
	EndGlobalSection
	GlobalSection(ProjectConfigurationPlatforms) = postSolution
		{A053148D-C83A-4EB2-B7C3-8D2ECB2B749A}.Debug|Any CPU.ActiveCfg = Debug|Any CPU
		{A053148D-C83A-4EB2-B7C3-8D2ECB2B749A}.Debug|Any CPU.Build.0 = Debug|Any CPU
		{A053148D-C83A-4EB2-B7C3-8D2ECB2B749A}.Release|Any CPU.ActiveCfg = Release|Any CPU
		{A053148D-C83A-4EB2-B7C3-8D2ECB2B749A}.Release|Any CPU.Build.0 = Release|Any CPU
	EndGlobalSection
	GlobalSection(SolutionProperties) = preSolution
		HideSolutionNode = FALSE
	EndGlobalSection
	GlobalSection(ExtensibilityGlobals) = postSolution
		SolutionGuid = {0DD0D294-4FE7-4F6A-8F7E-E28DC3C88209}
	EndGlobalSection
EndGlobal
